// !$*UTF8*$!
{
	archiveVersion = 1;
	classes = {
	};
	objectVersion = 56;
	objects = {

/* Begin PBXBuildFile section */
		720A860B2AF3FF96006BC8BE /* CaseViewModel.swift in Sources */ = {isa = PBXBuildFile; fileRef = 720A860A2AF3FF96006BC8BE /* CaseViewModel.swift */; };
		723911F62AF3F0F800BD4295 /* ColorExtension.swift in Sources */ = {isa = PBXBuildFile; fileRef = 723911F52AF3F0F800BD4295 /* ColorExtension.swift */; };
		7258AA7A2AFF8095005A86DD /* FirebaseAnalytics in Frameworks */ = {isa = PBXBuildFile; productRef = 7258AA792AFF8095005A86DD /* FirebaseAnalytics */; };
		7258AA7C2AFF8095005A86DD /* FirebaseAnalyticsOnDeviceConversion in Frameworks */ = {isa = PBXBuildFile; productRef = 7258AA7B2AFF8095005A86DD /* FirebaseAnalyticsOnDeviceConversion */; };
		7258AA7E2AFF8095005A86DD /* FirebaseAnalyticsSwift in Frameworks */ = {isa = PBXBuildFile; productRef = 7258AA7D2AFF8095005A86DD /* FirebaseAnalyticsSwift */; };
		7258AA802AFF8095005A86DD /* FirebaseAnalyticsWithoutAdIdSupport in Frameworks */ = {isa = PBXBuildFile; productRef = 7258AA7F2AFF8095005A86DD /* FirebaseAnalyticsWithoutAdIdSupport */; };
		7258AA822AFF8095005A86DD /* FirebaseAppCheck in Frameworks */ = {isa = PBXBuildFile; productRef = 7258AA812AFF8095005A86DD /* FirebaseAppCheck */; };
		7258AA842AFF8095005A86DD /* FirebaseAppDistribution-Beta in Frameworks */ = {isa = PBXBuildFile; productRef = 7258AA832AFF8095005A86DD /* FirebaseAppDistribution-Beta */; };
		7258AA862AFF8095005A86DD /* FirebaseAuth in Frameworks */ = {isa = PBXBuildFile; productRef = 7258AA852AFF8095005A86DD /* FirebaseAuth */; };
		7258AA882AFF8095005A86DD /* FirebaseAuthCombine-Community in Frameworks */ = {isa = PBXBuildFile; productRef = 7258AA872AFF8095005A86DD /* FirebaseAuthCombine-Community */; };
		7258AA8A2AFF8095005A86DD /* FirebaseCrashlytics in Frameworks */ = {isa = PBXBuildFile; productRef = 7258AA892AFF8095005A86DD /* FirebaseCrashlytics */; };
		7258AA8C2AFF8095005A86DD /* FirebaseDatabase in Frameworks */ = {isa = PBXBuildFile; productRef = 7258AA8B2AFF8095005A86DD /* FirebaseDatabase */; };
		7258AA8E2AFF8095005A86DD /* FirebaseDatabaseSwift in Frameworks */ = {isa = PBXBuildFile; productRef = 7258AA8D2AFF8095005A86DD /* FirebaseDatabaseSwift */; };
		7258AA902AFF8095005A86DD /* FirebaseDynamicLinks in Frameworks */ = {isa = PBXBuildFile; productRef = 7258AA8F2AFF8095005A86DD /* FirebaseDynamicLinks */; };
		7258AA922AFF8095005A86DD /* FirebaseFirestore in Frameworks */ = {isa = PBXBuildFile; productRef = 7258AA912AFF8095005A86DD /* FirebaseFirestore */; };
		7258AA942AFF8095005A86DD /* FirebaseFirestoreCombine-Community in Frameworks */ = {isa = PBXBuildFile; productRef = 7258AA932AFF8095005A86DD /* FirebaseFirestoreCombine-Community */; };
		7258AA962AFF8095005A86DD /* FirebaseFirestoreSwift in Frameworks */ = {isa = PBXBuildFile; productRef = 7258AA952AFF8095005A86DD /* FirebaseFirestoreSwift */; };
		7258AA982AFF8095005A86DD /* FirebaseFunctions in Frameworks */ = {isa = PBXBuildFile; productRef = 7258AA972AFF8095005A86DD /* FirebaseFunctions */; };
		7258AA9A2AFF8095005A86DD /* FirebaseFunctionsCombine-Community in Frameworks */ = {isa = PBXBuildFile; productRef = 7258AA992AFF8095005A86DD /* FirebaseFunctionsCombine-Community */; };
		7258AA9C2AFF8095005A86DD /* FirebaseInAppMessaging-Beta in Frameworks */ = {isa = PBXBuildFile; productRef = 7258AA9B2AFF8095005A86DD /* FirebaseInAppMessaging-Beta */; };
		7258AA9E2AFF8095005A86DD /* FirebaseInAppMessagingSwift-Beta in Frameworks */ = {isa = PBXBuildFile; productRef = 7258AA9D2AFF8095005A86DD /* FirebaseInAppMessagingSwift-Beta */; };
		7258AAA02AFF8095005A86DD /* FirebaseInstallations in Frameworks */ = {isa = PBXBuildFile; productRef = 7258AA9F2AFF8095005A86DD /* FirebaseInstallations */; };
		7258AAA22AFF8095005A86DD /* FirebaseMLModelDownloader in Frameworks */ = {isa = PBXBuildFile; productRef = 7258AAA12AFF8095005A86DD /* FirebaseMLModelDownloader */; };
		7258AAA42AFF8095005A86DD /* FirebaseMessaging in Frameworks */ = {isa = PBXBuildFile; productRef = 7258AAA32AFF8095005A86DD /* FirebaseMessaging */; };
		7258AAA62AFF8095005A86DD /* FirebasePerformance in Frameworks */ = {isa = PBXBuildFile; productRef = 7258AAA52AFF8095005A86DD /* FirebasePerformance */; };
		7258AAA82AFF8095005A86DD /* FirebaseRemoteConfig in Frameworks */ = {isa = PBXBuildFile; productRef = 7258AAA72AFF8095005A86DD /* FirebaseRemoteConfig */; };
		7258AAAA2AFF8095005A86DD /* FirebaseRemoteConfigSwift in Frameworks */ = {isa = PBXBuildFile; productRef = 7258AAA92AFF8095005A86DD /* FirebaseRemoteConfigSwift */; };
		7258AAAC2AFF8095005A86DD /* FirebaseStorage in Frameworks */ = {isa = PBXBuildFile; productRef = 7258AAAB2AFF8095005A86DD /* FirebaseStorage */; };
		7258AAAE2AFF8096005A86DD /* FirebaseStorageCombine-Community in Frameworks */ = {isa = PBXBuildFile; productRef = 7258AAAD2AFF8096005A86DD /* FirebaseStorageCombine-Community */; };
		7258AAB22B001C52005A86DD /* GoogleService-Info.plist in Resources */ = {isa = PBXBuildFile; fileRef = 7258AAB12B001C52005A86DD /* GoogleService-Info.plist */; };
		7258AAB52B001CD3005A86DD /* GoogleSignIn in Frameworks */ = {isa = PBXBuildFile; productRef = 7258AAB42B001CD3005A86DD /* GoogleSignIn */; };
		7258AAB72B001CD3005A86DD /* GoogleSignInSwift in Frameworks */ = {isa = PBXBuildFile; productRef = 7258AAB62B001CD3005A86DD /* GoogleSignInSwift */; };
		7258AABA2B00D073005A86DD /* AuthenticationManager.swift in Sources */ = {isa = PBXBuildFile; fileRef = 7258AAB92B00D073005A86DD /* AuthenticationManager.swift */; };
		7258AABC2B010032005A86DD /* SettingsViewModel.swift in Sources */ = {isa = PBXBuildFile; fileRef = 7258AABB2B010032005A86DD /* SettingsViewModel.swift */; };
		7258AABF2B011475005A86DD /* SignInView.swift in Sources */ = {isa = PBXBuildFile; fileRef = 7258AABE2B011475005A86DD /* SignInView.swift */; };
		7258AAC22B013525005A86DD /* PurpleButton.swift in Sources */ = {isa = PBXBuildFile; fileRef = 7258AAC12B013525005A86DD /* PurpleButton.swift */; };
		7258AAC62B0142A7005A86DD /* AuthenticationViewModel.swift in Sources */ = {isa = PBXBuildFile; fileRef = 7258AAC52B0142A7005A86DD /* AuthenticationViewModel.swift */; };
		7258AAC82B01442B005A86DD /* Utilities.swift in Sources */ = {isa = PBXBuildFile; fileRef = 7258AAC72B01442B005A86DD /* Utilities.swift */; };
		7258AACA2B016B92005A86DD /* SignInGoogleHelper.swift in Sources */ = {isa = PBXBuildFile; fileRef = 7258AAC92B016B92005A86DD /* SignInGoogleHelper.swift */; };
		726357C12AF924C0006E8AA7 /* SearchPage.swift in Sources */ = {isa = PBXBuildFile; fileRef = 726357C02AF924C0006E8AA7 /* SearchPage.swift */; };
		726357C62AF98D16006E8AA7 /* LawsOverviewView.swift in Sources */ = {isa = PBXBuildFile; fileRef = 726357C52AF98D16006E8AA7 /* LawsOverviewView.swift */; };
		726357C82AF99496006E8AA7 /* CaseModel.swift in Sources */ = {isa = PBXBuildFile; fileRef = 726357C72AF99496006E8AA7 /* CaseModel.swift */; };
		726357CA2AF9A03E006E8AA7 /* LawBookViewModel.swift in Sources */ = {isa = PBXBuildFile; fileRef = 726357C92AF9A03E006E8AA7 /* LawBookViewModel.swift */; };
		726357CC2AF9A0E9006E8AA7 /* LawBookModel.swift in Sources */ = {isa = PBXBuildFile; fileRef = 726357CB2AF9A0E9006E8AA7 /* LawBookModel.swift */; };
		726357CE2AFAAF94006E8AA7 /* lawsuitModel.swift in Sources */ = {isa = PBXBuildFile; fileRef = 726357CD2AFAAF94006E8AA7 /* lawsuitModel.swift */; };
		726357D02AFB85BF006E8AA7 /* Launch Screen.storyboard in Resources */ = {isa = PBXBuildFile; fileRef = 726357CF2AFB85BF006E8AA7 /* Launch Screen.storyboard */; };
		72AC4D262AFE33250008C9A7 /* UserViewModel.swift in Sources */ = {isa = PBXBuildFile; fileRef = 72AC4D252AFE33250008C9A7 /* UserViewModel.swift */; };
		72AC4D282AFE3B360008C9A7 /* SettingsView.swift in Sources */ = {isa = PBXBuildFile; fileRef = 72AC4D272AFE3B360008C9A7 /* SettingsView.swift */; };
		72B7643A2AFD7F7D005CDA43 /* HomeHeader.swift in Sources */ = {isa = PBXBuildFile; fileRef = 72B764392AFD7F7C005CDA43 /* HomeHeader.swift */; };
		72B7643C2AFD8068005CDA43 /* SuitHeader.swift in Sources */ = {isa = PBXBuildFile; fileRef = 72B7643B2AFD8068005CDA43 /* SuitHeader.swift */; };
		72B7643E2AFD8153005CDA43 /* PlusButton.swift in Sources */ = {isa = PBXBuildFile; fileRef = 72B7643D2AFD8153005CDA43 /* PlusButton.swift */; };
		72B764402AFD823D005CDA43 /* LawsuitCard.swift in Sources */ = {isa = PBXBuildFile; fileRef = 72B7643F2AFD823D005CDA43 /* LawsuitCard.swift */; };
		72B764422AFD830D005CDA43 /* SuitSheetView.swift in Sources */ = {isa = PBXBuildFile; fileRef = 72B764412AFD830D005CDA43 /* SuitSheetView.swift */; };
		72B764462AFD8721005CDA43 /* SingleCaseView.swift in Sources */ = {isa = PBXBuildFile; fileRef = 72B764452AFD8721005CDA43 /* SingleCaseView.swift */; };
		72D8B2EB2AF2ADAD0030770A /* JurDatApp.swift in Sources */ = {isa = PBXBuildFile; fileRef = 72D8B2EA2AF2ADAD0030770A /* JurDatApp.swift */; };
		72D8B2EF2AF2ADB00030770A /* Assets.xcassets in Resources */ = {isa = PBXBuildFile; fileRef = 72D8B2EE2AF2ADB00030770A /* Assets.xcassets */; };
		72D8B2F22AF2ADB00030770A /* Preview Assets.xcassets in Resources */ = {isa = PBXBuildFile; fileRef = 72D8B2F12AF2ADB00030770A /* Preview Assets.xcassets */; };
		72D8B2FC2AF2AE250030770A /* SignUpView.swift in Sources */ = {isa = PBXBuildFile; fileRef = 72D8B2FB2AF2AE250030770A /* SignUpView.swift */; };
		72D8B2FE2AF2AE2E0030770A /* RootView.swift in Sources */ = {isa = PBXBuildFile; fileRef = 72D8B2FD2AF2AE2E0030770A /* RootView.swift */; };
		72D8B3002AF2AE360030770A /* HomeView.swift in Sources */ = {isa = PBXBuildFile; fileRef = 72D8B2FF2AF2AE360030770A /* HomeView.swift */; };
		72D8B3042AF2AE9D0030770A /* CourtModel.swift in Sources */ = {isa = PBXBuildFile; fileRef = 72D8B3032AF2AE9D0030770A /* CourtModel.swift */; };
/* End PBXBuildFile section */

/* Begin PBXFileReference section */
		720A860A2AF3FF96006BC8BE /* CaseViewModel.swift */ = {isa = PBXFileReference; lastKnownFileType = sourcecode.swift; path = CaseViewModel.swift; sourceTree = "<group>"; };
		723911F52AF3F0F800BD4295 /* ColorExtension.swift */ = {isa = PBXFileReference; lastKnownFileType = sourcecode.swift; path = ColorExtension.swift; sourceTree = "<group>"; };
		7258AAB12B001C52005A86DD /* GoogleService-Info.plist */ = {isa = PBXFileReference; fileEncoding = 4; lastKnownFileType = text.plist.xml; path = "GoogleService-Info.plist"; sourceTree = "<group>"; };
		7258AAB92B00D073005A86DD /* AuthenticationManager.swift */ = {isa = PBXFileReference; lastKnownFileType = sourcecode.swift; path = AuthenticationManager.swift; sourceTree = "<group>"; };
		7258AABB2B010032005A86DD /* SettingsViewModel.swift */ = {isa = PBXFileReference; lastKnownFileType = sourcecode.swift; path = SettingsViewModel.swift; sourceTree = "<group>"; };
		7258AABE2B011475005A86DD /* SignInView.swift */ = {isa = PBXFileReference; lastKnownFileType = sourcecode.swift; path = SignInView.swift; sourceTree = "<group>"; };
		7258AAC12B013525005A86DD /* PurpleButton.swift */ = {isa = PBXFileReference; lastKnownFileType = sourcecode.swift; path = PurpleButton.swift; sourceTree = "<group>"; };
		7258AAC52B0142A7005A86DD /* AuthenticationViewModel.swift */ = {isa = PBXFileReference; lastKnownFileType = sourcecode.swift; path = AuthenticationViewModel.swift; sourceTree = "<group>"; };
		7258AAC72B01442B005A86DD /* Utilities.swift */ = {isa = PBXFileReference; lastKnownFileType = sourcecode.swift; path = Utilities.swift; sourceTree = "<group>"; };
		7258AAC92B016B92005A86DD /* SignInGoogleHelper.swift */ = {isa = PBXFileReference; lastKnownFileType = sourcecode.swift; path = SignInGoogleHelper.swift; sourceTree = "<group>"; };
		726357C02AF924C0006E8AA7 /* SearchPage.swift */ = {isa = PBXFileReference; lastKnownFileType = sourcecode.swift; path = SearchPage.swift; sourceTree = "<group>"; };
		726357C52AF98D16006E8AA7 /* LawsOverviewView.swift */ = {isa = PBXFileReference; lastKnownFileType = sourcecode.swift; path = LawsOverviewView.swift; sourceTree = "<group>"; };
		726357C72AF99496006E8AA7 /* CaseModel.swift */ = {isa = PBXFileReference; lastKnownFileType = sourcecode.swift; path = CaseModel.swift; sourceTree = "<group>"; };
		726357C92AF9A03E006E8AA7 /* LawBookViewModel.swift */ = {isa = PBXFileReference; lastKnownFileType = sourcecode.swift; path = LawBookViewModel.swift; sourceTree = "<group>"; };
		726357CB2AF9A0E9006E8AA7 /* LawBookModel.swift */ = {isa = PBXFileReference; lastKnownFileType = sourcecode.swift; path = LawBookModel.swift; sourceTree = "<group>"; };
		726357CD2AFAAF94006E8AA7 /* lawsuitModel.swift */ = {isa = PBXFileReference; lastKnownFileType = sourcecode.swift; path = lawsuitModel.swift; sourceTree = "<group>"; };
		726357CF2AFB85BF006E8AA7 /* Launch Screen.storyboard */ = {isa = PBXFileReference; lastKnownFileType = file.storyboard; path = "Launch Screen.storyboard"; sourceTree = "<group>"; };
		72AC4D1F2AFE29270008C9A7 /* Info.plist */ = {isa = PBXFileReference; lastKnownFileType = text.plist; path = Info.plist; sourceTree = "<group>"; };
		72AC4D252AFE33250008C9A7 /* UserViewModel.swift */ = {isa = PBXFileReference; lastKnownFileType = sourcecode.swift; path = UserViewModel.swift; sourceTree = "<group>"; };
		72AC4D272AFE3B360008C9A7 /* SettingsView.swift */ = {isa = PBXFileReference; lastKnownFileType = sourcecode.swift; path = SettingsView.swift; sourceTree = "<group>"; };
		72B764392AFD7F7C005CDA43 /* HomeHeader.swift */ = {isa = PBXFileReference; lastKnownFileType = sourcecode.swift; path = HomeHeader.swift; sourceTree = "<group>"; };
		72B7643B2AFD8068005CDA43 /* SuitHeader.swift */ = {isa = PBXFileReference; lastKnownFileType = sourcecode.swift; path = SuitHeader.swift; sourceTree = "<group>"; };
		72B7643D2AFD8153005CDA43 /* PlusButton.swift */ = {isa = PBXFileReference; lastKnownFileType = sourcecode.swift; path = PlusButton.swift; sourceTree = "<group>"; };
		72B7643F2AFD823D005CDA43 /* LawsuitCard.swift */ = {isa = PBXFileReference; lastKnownFileType = sourcecode.swift; path = LawsuitCard.swift; sourceTree = "<group>"; };
		72B764412AFD830D005CDA43 /* SuitSheetView.swift */ = {isa = PBXFileReference; lastKnownFileType = sourcecode.swift; path = SuitSheetView.swift; sourceTree = "<group>"; };
		72B764452AFD8721005CDA43 /* SingleCaseView.swift */ = {isa = PBXFileReference; lastKnownFileType = sourcecode.swift; path = SingleCaseView.swift; sourceTree = "<group>"; };
		72D8B2E72AF2ADAD0030770A /* JurDat.app */ = {isa = PBXFileReference; explicitFileType = wrapper.application; includeInIndex = 0; path = JurDat.app; sourceTree = BUILT_PRODUCTS_DIR; };
		72D8B2EA2AF2ADAD0030770A /* JurDatApp.swift */ = {isa = PBXFileReference; lastKnownFileType = sourcecode.swift; path = JurDatApp.swift; sourceTree = "<group>"; };
		72D8B2EE2AF2ADB00030770A /* Assets.xcassets */ = {isa = PBXFileReference; lastKnownFileType = folder.assetcatalog; path = Assets.xcassets; sourceTree = "<group>"; };
		72D8B2F12AF2ADB00030770A /* Preview Assets.xcassets */ = {isa = PBXFileReference; lastKnownFileType = folder.assetcatalog; path = "Preview Assets.xcassets"; sourceTree = "<group>"; };
		72D8B2FB2AF2AE250030770A /* SignUpView.swift */ = {isa = PBXFileReference; lastKnownFileType = sourcecode.swift; path = SignUpView.swift; sourceTree = "<group>"; };
		72D8B2FD2AF2AE2E0030770A /* RootView.swift */ = {isa = PBXFileReference; lastKnownFileType = sourcecode.swift; path = RootView.swift; sourceTree = "<group>"; };
		72D8B2FF2AF2AE360030770A /* HomeView.swift */ = {isa = PBXFileReference; lastKnownFileType = sourcecode.swift; path = HomeView.swift; sourceTree = "<group>"; };
		72D8B3032AF2AE9D0030770A /* CourtModel.swift */ = {isa = PBXFileReference; lastKnownFileType = sourcecode.swift; path = CourtModel.swift; sourceTree = "<group>"; };
/* End PBXFileReference section */

/* Begin PBXFrameworksBuildPhase section */
		72D8B2E42AF2ADAD0030770A /* Frameworks */ = {
			isa = PBXFrameworksBuildPhase;
			buildActionMask = 2147483647;
			files = (
				7258AA8C2AFF8095005A86DD /* FirebaseDatabase in Frameworks */,
				7258AA9A2AFF8095005A86DD /* FirebaseFunctionsCombine-Community in Frameworks */,
				7258AA922AFF8095005A86DD /* FirebaseFirestore in Frameworks */,
				7258AA7E2AFF8095005A86DD /* FirebaseAnalyticsSwift in Frameworks */,
				7258AA7A2AFF8095005A86DD /* FirebaseAnalytics in Frameworks */,
				7258AA7C2AFF8095005A86DD /* FirebaseAnalyticsOnDeviceConversion in Frameworks */,
				7258AAA22AFF8095005A86DD /* FirebaseMLModelDownloader in Frameworks */,
				7258AAB72B001CD3005A86DD /* GoogleSignInSwift in Frameworks */,
				7258AA962AFF8095005A86DD /* FirebaseFirestoreSwift in Frameworks */,
				7258AA822AFF8095005A86DD /* FirebaseAppCheck in Frameworks */,
				7258AA802AFF8095005A86DD /* FirebaseAnalyticsWithoutAdIdSupport in Frameworks */,
				7258AA862AFF8095005A86DD /* FirebaseAuth in Frameworks */,
				7258AA8A2AFF8095005A86DD /* FirebaseCrashlytics in Frameworks */,
				7258AAAA2AFF8095005A86DD /* FirebaseRemoteConfigSwift in Frameworks */,
				7258AAB52B001CD3005A86DD /* GoogleSignIn in Frameworks */,
				7258AA9C2AFF8095005A86DD /* FirebaseInAppMessaging-Beta in Frameworks */,
				7258AA8E2AFF8095005A86DD /* FirebaseDatabaseSwift in Frameworks */,
				7258AA982AFF8095005A86DD /* FirebaseFunctions in Frameworks */,
				7258AAAE2AFF8096005A86DD /* FirebaseStorageCombine-Community in Frameworks */,
				7258AAA82AFF8095005A86DD /* FirebaseRemoteConfig in Frameworks */,
				7258AA842AFF8095005A86DD /* FirebaseAppDistribution-Beta in Frameworks */,
				7258AA882AFF8095005A86DD /* FirebaseAuthCombine-Community in Frameworks */,
				7258AAA62AFF8095005A86DD /* FirebasePerformance in Frameworks */,
				7258AA9E2AFF8095005A86DD /* FirebaseInAppMessagingSwift-Beta in Frameworks */,
				7258AAAC2AFF8095005A86DD /* FirebaseStorage in Frameworks */,
				7258AA902AFF8095005A86DD /* FirebaseDynamicLinks in Frameworks */,
				7258AA942AFF8095005A86DD /* FirebaseFirestoreCombine-Community in Frameworks */,
				7258AAA42AFF8095005A86DD /* FirebaseMessaging in Frameworks */,
				7258AAA02AFF8095005A86DD /* FirebaseInstallations in Frameworks */,
			);
			runOnlyForDeploymentPostprocessing = 0;
		};
/* End PBXFrameworksBuildPhase section */

/* Begin PBXGroup section */
		7258AAB82B00D051005A86DD /* Authentication */ = {
			isa = PBXGroup;
			children = (
				7258AAB92B00D073005A86DD /* AuthenticationManager.swift */,
				7258AAC92B016B92005A86DD /* SignInGoogleHelper.swift */,
				7258AAC52B0142A7005A86DD /* AuthenticationViewModel.swift */,
			);
			path = Authentication;
			sourceTree = "<group>";
		};
		7258AABD2B0112E5005A86DD /* Settings */ = {
			isa = PBXGroup;
			children = (
				7258AAC02B013509005A86DD /* Utilities */,
				72D8B2FD2AF2AE2E0030770A /* RootView.swift */,
				72AC4D272AFE3B360008C9A7 /* SettingsView.swift */,
				7258AABE2B011475005A86DD /* SignInView.swift */,
				72D8B2FB2AF2AE250030770A /* SignUpView.swift */,
			);
			path = Settings;
			sourceTree = "<group>";
		};
		7258AAC02B013509005A86DD /* Utilities */ = {
			isa = PBXGroup;
			children = (
				7258AAC12B013525005A86DD /* PurpleButton.swift */,
			);
			path = Utilities;
			sourceTree = "<group>";
		};
		726357C22AF98CC2006E8AA7 /* Home */ = {
			isa = PBXGroup;
			children = (
				72B764382AFD7F2C005CDA43 /* Utilities */,
				72D8B2FF2AF2AE360030770A /* HomeView.swift */,
			);
			path = Home;
			sourceTree = "<group>";
		};
		726357C32AF98CC9006E8AA7 /* Cases */ = {
			isa = PBXGroup;
			children = (
				726357C02AF924C0006E8AA7 /* SearchPage.swift */,
				72B764452AFD8721005CDA43 /* SingleCaseView.swift */,
			);
			path = Cases;
			sourceTree = "<group>";
		};
		726357C42AF98CE4006E8AA7 /* Laws */ = {
			isa = PBXGroup;
			children = (
				726357C52AF98D16006E8AA7 /* LawsOverviewView.swift */,
			);
			path = Laws;
			sourceTree = "<group>";
		};
		72B764382AFD7F2C005CDA43 /* Utilities */ = {
			isa = PBXGroup;
			children = (
				72B764392AFD7F7C005CDA43 /* HomeHeader.swift */,
				72B7643B2AFD8068005CDA43 /* SuitHeader.swift */,
				72B7643F2AFD823D005CDA43 /* LawsuitCard.swift */,
				72B7643D2AFD8153005CDA43 /* PlusButton.swift */,
				72B764412AFD830D005CDA43 /* SuitSheetView.swift */,
			);
			path = Utilities;
			sourceTree = "<group>";
		};
		72D8B2DE2AF2ADAD0030770A = {
			isa = PBXGroup;
			children = (
				72D8B2E92AF2ADAD0030770A /* JurDat */,
				72D8B2E82AF2ADAD0030770A /* Products */,
			);
			sourceTree = "<group>";
		};
		72D8B2E82AF2ADAD0030770A /* Products */ = {
			isa = PBXGroup;
			children = (
				72D8B2E72AF2ADAD0030770A /* JurDat.app */,
			);
			name = Products;
			sourceTree = "<group>";
		};
		72D8B2E92AF2ADAD0030770A /* JurDat */ = {
			isa = PBXGroup;
			children = (
				72AC4D1F2AFE29270008C9A7 /* Info.plist */,
				7258AAB12B001C52005A86DD /* GoogleService-Info.plist */,
				72D8B2EA2AF2ADAD0030770A /* JurDatApp.swift */,
				7258AAC72B01442B005A86DD /* Utilities.swift */,
				723911F52AF3F0F800BD4295 /* ColorExtension.swift */,
				7258AAB82B00D051005A86DD /* Authentication */,
				72D8B2F82AF2ADDD0030770A /* View */,
				72D8B2FA2AF2ADF10030770A /* ViewModel */,
				72D8B2F92AF2ADEA0030770A /* Model */,
				72D8B2EE2AF2ADB00030770A /* Assets.xcassets */,
				72D8B2F02AF2ADB00030770A /* Preview Content */,
			);
			path = JurDat;
			sourceTree = "<group>";
		};
		72D8B2F02AF2ADB00030770A /* Preview Content */ = {
			isa = PBXGroup;
			children = (
				72D8B2F12AF2ADB00030770A /* Preview Assets.xcassets */,
			);
			path = "Preview Content";
			sourceTree = "<group>";
		};
		72D8B2F82AF2ADDD0030770A /* View */ = {
			isa = PBXGroup;
			children = (
				726357CF2AFB85BF006E8AA7 /* Launch Screen.storyboard */,
				7258AABD2B0112E5005A86DD /* Settings */,
				726357C22AF98CC2006E8AA7 /* Home */,
				726357C32AF98CC9006E8AA7 /* Cases */,
				726357C42AF98CE4006E8AA7 /* Laws */,
			);
			path = View;
			sourceTree = "<group>";
		};
		72D8B2F92AF2ADEA0030770A /* Model */ = {
			isa = PBXGroup;
			children = (
				72D8B3032AF2AE9D0030770A /* CourtModel.swift */,
				726357CB2AF9A0E9006E8AA7 /* LawBookModel.swift */,
				726357C72AF99496006E8AA7 /* CaseModel.swift */,
				726357CD2AFAAF94006E8AA7 /* lawsuitModel.swift */,
			);
			path = Model;
			sourceTree = "<group>";
		};
		72D8B2FA2AF2ADF10030770A /* ViewModel */ = {
			isa = PBXGroup;
			children = (
				720A860A2AF3FF96006BC8BE /* CaseViewModel.swift */,
				726357C92AF9A03E006E8AA7 /* LawBookViewModel.swift */,
				72AC4D252AFE33250008C9A7 /* UserViewModel.swift */,
				7258AABB2B010032005A86DD /* SettingsViewModel.swift */,
			);
			path = ViewModel;
			sourceTree = "<group>";
		};
/* End PBXGroup section */

/* Begin PBXNativeTarget section */
		72D8B2E62AF2ADAD0030770A /* JurDat */ = {
			isa = PBXNativeTarget;
			buildConfigurationList = 72D8B2F52AF2ADB00030770A /* Build configuration list for PBXNativeTarget "JurDat" */;
			buildPhases = (
				72D8B2E32AF2ADAD0030770A /* Sources */,
				72D8B2E42AF2ADAD0030770A /* Frameworks */,
				72D8B2E52AF2ADAD0030770A /* Resources */,
			);
			buildRules = (
			);
			dependencies = (
			);
			name = JurDat;
			packageProductDependencies = (
				7258AA792AFF8095005A86DD /* FirebaseAnalytics */,
				7258AA7B2AFF8095005A86DD /* FirebaseAnalyticsOnDeviceConversion */,
				7258AA7D2AFF8095005A86DD /* FirebaseAnalyticsSwift */,
				7258AA7F2AFF8095005A86DD /* FirebaseAnalyticsWithoutAdIdSupport */,
				7258AA812AFF8095005A86DD /* FirebaseAppCheck */,
				7258AA832AFF8095005A86DD /* FirebaseAppDistribution-Beta */,
				7258AA852AFF8095005A86DD /* FirebaseAuth */,
				7258AA872AFF8095005A86DD /* FirebaseAuthCombine-Community */,
				7258AA892AFF8095005A86DD /* FirebaseCrashlytics */,
				7258AA8B2AFF8095005A86DD /* FirebaseDatabase */,
				7258AA8D2AFF8095005A86DD /* FirebaseDatabaseSwift */,
				7258AA8F2AFF8095005A86DD /* FirebaseDynamicLinks */,
				7258AA912AFF8095005A86DD /* FirebaseFirestore */,
				7258AA932AFF8095005A86DD /* FirebaseFirestoreCombine-Community */,
				7258AA952AFF8095005A86DD /* FirebaseFirestoreSwift */,
				7258AA972AFF8095005A86DD /* FirebaseFunctions */,
				7258AA992AFF8095005A86DD /* FirebaseFunctionsCombine-Community */,
				7258AA9B2AFF8095005A86DD /* FirebaseInAppMessaging-Beta */,
				7258AA9D2AFF8095005A86DD /* FirebaseInAppMessagingSwift-Beta */,
				7258AA9F2AFF8095005A86DD /* FirebaseInstallations */,
				7258AAA12AFF8095005A86DD /* FirebaseMLModelDownloader */,
				7258AAA32AFF8095005A86DD /* FirebaseMessaging */,
				7258AAA52AFF8095005A86DD /* FirebasePerformance */,
				7258AAA72AFF8095005A86DD /* FirebaseRemoteConfig */,
				7258AAA92AFF8095005A86DD /* FirebaseRemoteConfigSwift */,
				7258AAAB2AFF8095005A86DD /* FirebaseStorage */,
				7258AAAD2AFF8096005A86DD /* FirebaseStorageCombine-Community */,
				7258AAB42B001CD3005A86DD /* GoogleSignIn */,
				7258AAB62B001CD3005A86DD /* GoogleSignInSwift */,
			);
			productName = JurDat;
			productReference = 72D8B2E72AF2ADAD0030770A /* JurDat.app */;
			productType = "com.apple.product-type.application";
		};
/* End PBXNativeTarget section */

/* Begin PBXProject section */
		72D8B2DF2AF2ADAD0030770A /* Project object */ = {
			isa = PBXProject;
			attributes = {
				BuildIndependentTargetsInParallel = 1;
				LastSwiftUpdateCheck = 1500;
				LastUpgradeCheck = 1500;
				TargetAttributes = {
					72D8B2E62AF2ADAD0030770A = {
						CreatedOnToolsVersion = 15.0.1;
					};
				};
			};
			buildConfigurationList = 72D8B2E22AF2ADAD0030770A /* Build configuration list for PBXProject "JurDat" */;
			compatibilityVersion = "Xcode 14.0";
			developmentRegion = en;
			hasScannedForEncodings = 0;
			knownRegions = (
				en,
				Base,
			);
			mainGroup = 72D8B2DE2AF2ADAD0030770A;
			packageReferences = (
				7258AA782AFF8095005A86DD /* XCRemoteSwiftPackageReference "firebase-ios-sdk" */,
				7258AAB32B001CD3005A86DD /* XCRemoteSwiftPackageReference "GoogleSignIn-iOS" */,
			);
			productRefGroup = 72D8B2E82AF2ADAD0030770A /* Products */;
			projectDirPath = "";
			projectRoot = "";
			targets = (
				72D8B2E62AF2ADAD0030770A /* JurDat */,
			);
		};
/* End PBXProject section */

/* Begin PBXResourcesBuildPhase section */
		72D8B2E52AF2ADAD0030770A /* Resources */ = {
			isa = PBXResourcesBuildPhase;
			buildActionMask = 2147483647;
			files = (
				726357D02AFB85BF006E8AA7 /* Launch Screen.storyboard in Resources */,
				7258AAB22B001C52005A86DD /* GoogleService-Info.plist in Resources */,
				72D8B2F22AF2ADB00030770A /* Preview Assets.xcassets in Resources */,
				72D8B2EF2AF2ADB00030770A /* Assets.xcassets in Resources */,
			);
			runOnlyForDeploymentPostprocessing = 0;
		};
/* End PBXResourcesBuildPhase section */

/* Begin PBXSourcesBuildPhase section */
		72D8B2E32AF2ADAD0030770A /* Sources */ = {
			isa = PBXSourcesBuildPhase;
			buildActionMask = 2147483647;
			files = (
				72D8B2FE2AF2AE2E0030770A /* RootView.swift in Sources */,
				72B7643E2AFD8153005CDA43 /* PlusButton.swift in Sources */,
				7258AAC82B01442B005A86DD /* Utilities.swift in Sources */,
				72B764402AFD823D005CDA43 /* LawsuitCard.swift in Sources */,
				726357CC2AF9A0E9006E8AA7 /* LawBookModel.swift in Sources */,
				72D8B3002AF2AE360030770A /* HomeView.swift in Sources */,
				7258AAC62B0142A7005A86DD /* AuthenticationViewModel.swift in Sources */,
				726357C82AF99496006E8AA7 /* CaseModel.swift in Sources */,
				7258AACA2B016B92005A86DD /* SignInGoogleHelper.swift in Sources */,
				7258AABF2B011475005A86DD /* SignInView.swift in Sources */,
				723911F62AF3F0F800BD4295 /* ColorExtension.swift in Sources */,
				72B764462AFD8721005CDA43 /* SingleCaseView.swift in Sources */,
				726357CA2AF9A03E006E8AA7 /* LawBookViewModel.swift in Sources */,
				726357C12AF924C0006E8AA7 /* SearchPage.swift in Sources */,
				72D8B2FC2AF2AE250030770A /* SignUpView.swift in Sources */,
				72B7643C2AFD8068005CDA43 /* SuitHeader.swift in Sources */,
				726357CE2AFAAF94006E8AA7 /* lawsuitModel.swift in Sources */,
				72B764422AFD830D005CDA43 /* SuitSheetView.swift in Sources */,
				72D8B2EB2AF2ADAD0030770A /* JurDatApp.swift in Sources */,
				726357C62AF98D16006E8AA7 /* LawsOverviewView.swift in Sources */,
				72D8B3042AF2AE9D0030770A /* CourtModel.swift in Sources */,
				720A860B2AF3FF96006BC8BE /* CaseViewModel.swift in Sources */,
				72AC4D262AFE33250008C9A7 /* UserViewModel.swift in Sources */,
				72B7643A2AFD7F7D005CDA43 /* HomeHeader.swift in Sources */,
				7258AABA2B00D073005A86DD /* AuthenticationManager.swift in Sources */,
				72AC4D282AFE3B360008C9A7 /* SettingsView.swift in Sources */,
				7258AABC2B010032005A86DD /* SettingsViewModel.swift in Sources */,
				7258AAC22B013525005A86DD /* PurpleButton.swift in Sources */,
			);
			runOnlyForDeploymentPostprocessing = 0;
		};
/* End PBXSourcesBuildPhase section */

/* Begin XCBuildConfiguration section */
		72D8B2F32AF2ADB00030770A /* Debug */ = {
			isa = XCBuildConfiguration;
			buildSettings = {
				ALWAYS_SEARCH_USER_PATHS = NO;
				ASSETCATALOG_COMPILER_GENERATE_SWIFT_ASSET_SYMBOL_EXTENSIONS = YES;
				CLANG_ANALYZER_NONNULL = YES;
				CLANG_ANALYZER_NUMBER_OBJECT_CONVERSION = YES_AGGRESSIVE;
				CLANG_CXX_LANGUAGE_STANDARD = "gnu++20";
				CLANG_ENABLE_MODULES = YES;
				CLANG_ENABLE_OBJC_ARC = YES;
				CLANG_ENABLE_OBJC_WEAK = YES;
				CLANG_WARN_BLOCK_CAPTURE_AUTORELEASING = YES;
				CLANG_WARN_BOOL_CONVERSION = YES;
				CLANG_WARN_COMMA = YES;
				CLANG_WARN_CONSTANT_CONVERSION = YES;
				CLANG_WARN_DEPRECATED_OBJC_IMPLEMENTATIONS = YES;
				CLANG_WARN_DIRECT_OBJC_ISA_USAGE = YES_ERROR;
				CLANG_WARN_DOCUMENTATION_COMMENTS = YES;
				CLANG_WARN_EMPTY_BODY = YES;
				CLANG_WARN_ENUM_CONVERSION = YES;
				CLANG_WARN_INFINITE_RECURSION = YES;
				CLANG_WARN_INT_CONVERSION = YES;
				CLANG_WARN_NON_LITERAL_NULL_CONVERSION = YES;
				CLANG_WARN_OBJC_IMPLICIT_RETAIN_SELF = YES;
				CLANG_WARN_OBJC_LITERAL_CONVERSION = YES;
				CLANG_WARN_OBJC_ROOT_CLASS = YES_ERROR;
				CLANG_WARN_QUOTED_INCLUDE_IN_FRAMEWORK_HEADER = YES;
				CLANG_WARN_RANGE_LOOP_ANALYSIS = YES;
				CLANG_WARN_STRICT_PROTOTYPES = YES;
				CLANG_WARN_SUSPICIOUS_MOVE = YES;
				CLANG_WARN_UNGUARDED_AVAILABILITY = YES_AGGRESSIVE;
				CLANG_WARN_UNREACHABLE_CODE = YES;
				CLANG_WARN__DUPLICATE_METHOD_MATCH = YES;
				COPY_PHASE_STRIP = NO;
				DEBUG_INFORMATION_FORMAT = dwarf;
				ENABLE_STRICT_OBJC_MSGSEND = YES;
				ENABLE_TESTABILITY = YES;
				ENABLE_USER_SCRIPT_SANDBOXING = YES;
				GCC_C_LANGUAGE_STANDARD = gnu17;
				GCC_DYNAMIC_NO_PIC = NO;
				GCC_NO_COMMON_BLOCKS = YES;
				GCC_OPTIMIZATION_LEVEL = 0;
				GCC_PREPROCESSOR_DEFINITIONS = (
					"DEBUG=1",
					"$(inherited)",
				);
				GCC_WARN_64_TO_32_BIT_CONVERSION = YES;
				GCC_WARN_ABOUT_RETURN_TYPE = YES_ERROR;
				GCC_WARN_UNDECLARED_SELECTOR = YES;
				GCC_WARN_UNINITIALIZED_AUTOS = YES_AGGRESSIVE;
				GCC_WARN_UNUSED_FUNCTION = YES;
				GCC_WARN_UNUSED_VARIABLE = YES;
				IPHONEOS_DEPLOYMENT_TARGET = 17.0;
				LOCALIZATION_PREFERS_STRING_CATALOGS = YES;
				MTL_ENABLE_DEBUG_INFO = INCLUDE_SOURCE;
				MTL_FAST_MATH = YES;
				ONLY_ACTIVE_ARCH = YES;
				SDKROOT = iphoneos;
				SWIFT_ACTIVE_COMPILATION_CONDITIONS = "DEBUG $(inherited)";
				SWIFT_OPTIMIZATION_LEVEL = "-Onone";
			};
			name = Debug;
		};
		72D8B2F42AF2ADB00030770A /* Release */ = {
			isa = XCBuildConfiguration;
			buildSettings = {
				ALWAYS_SEARCH_USER_PATHS = NO;
				ASSETCATALOG_COMPILER_GENERATE_SWIFT_ASSET_SYMBOL_EXTENSIONS = YES;
				CLANG_ANALYZER_NONNULL = YES;
				CLANG_ANALYZER_NUMBER_OBJECT_CONVERSION = YES_AGGRESSIVE;
				CLANG_CXX_LANGUAGE_STANDARD = "gnu++20";
				CLANG_ENABLE_MODULES = YES;
				CLANG_ENABLE_OBJC_ARC = YES;
				CLANG_ENABLE_OBJC_WEAK = YES;
				CLANG_WARN_BLOCK_CAPTURE_AUTORELEASING = YES;
				CLANG_WARN_BOOL_CONVERSION = YES;
				CLANG_WARN_COMMA = YES;
				CLANG_WARN_CONSTANT_CONVERSION = YES;
				CLANG_WARN_DEPRECATED_OBJC_IMPLEMENTATIONS = YES;
				CLANG_WARN_DIRECT_OBJC_ISA_USAGE = YES_ERROR;
				CLANG_WARN_DOCUMENTATION_COMMENTS = YES;
				CLANG_WARN_EMPTY_BODY = YES;
				CLANG_WARN_ENUM_CONVERSION = YES;
				CLANG_WARN_INFINITE_RECURSION = YES;
				CLANG_WARN_INT_CONVERSION = YES;
				CLANG_WARN_NON_LITERAL_NULL_CONVERSION = YES;
				CLANG_WARN_OBJC_IMPLICIT_RETAIN_SELF = YES;
				CLANG_WARN_OBJC_LITERAL_CONVERSION = YES;
				CLANG_WARN_OBJC_ROOT_CLASS = YES_ERROR;
				CLANG_WARN_QUOTED_INCLUDE_IN_FRAMEWORK_HEADER = YES;
				CLANG_WARN_RANGE_LOOP_ANALYSIS = YES;
				CLANG_WARN_STRICT_PROTOTYPES = YES;
				CLANG_WARN_SUSPICIOUS_MOVE = YES;
				CLANG_WARN_UNGUARDED_AVAILABILITY = YES_AGGRESSIVE;
				CLANG_WARN_UNREACHABLE_CODE = YES;
				CLANG_WARN__DUPLICATE_METHOD_MATCH = YES;
				COPY_PHASE_STRIP = NO;
				DEBUG_INFORMATION_FORMAT = "dwarf-with-dsym";
				ENABLE_NS_ASSERTIONS = NO;
				ENABLE_STRICT_OBJC_MSGSEND = YES;
				ENABLE_USER_SCRIPT_SANDBOXING = YES;
				GCC_C_LANGUAGE_STANDARD = gnu17;
				GCC_NO_COMMON_BLOCKS = YES;
				GCC_WARN_64_TO_32_BIT_CONVERSION = YES;
				GCC_WARN_ABOUT_RETURN_TYPE = YES_ERROR;
				GCC_WARN_UNDECLARED_SELECTOR = YES;
				GCC_WARN_UNINITIALIZED_AUTOS = YES_AGGRESSIVE;
				GCC_WARN_UNUSED_FUNCTION = YES;
				GCC_WARN_UNUSED_VARIABLE = YES;
				IPHONEOS_DEPLOYMENT_TARGET = 17.0;
				LOCALIZATION_PREFERS_STRING_CATALOGS = YES;
				MTL_ENABLE_DEBUG_INFO = NO;
				MTL_FAST_MATH = YES;
				SDKROOT = iphoneos;
				SWIFT_COMPILATION_MODE = wholemodule;
				VALIDATE_PRODUCT = YES;
			};
			name = Release;
		};
		72D8B2F62AF2ADB00030770A /* Debug */ = {
			isa = XCBuildConfiguration;
			buildSettings = {
				ASSETCATALOG_COMPILER_APPICON_NAME = AppIcon;
				ASSETCATALOG_COMPILER_GLOBAL_ACCENT_COLOR_NAME = AccentColor;
				CODE_SIGN_STYLE = Automatic;
				CURRENT_PROJECT_VERSION = 1;
				DEVELOPMENT_ASSET_PATHS = "\"JurDat/Preview Content\"";
				DEVELOPMENT_TEAM = DCLZM878SK;
				ENABLE_PREVIEWS = YES;
				GENERATE_INFOPLIST_FILE = YES;
				INFOPLIST_FILE = JurDat/Info.plist;
				INFOPLIST_KEY_CFBundleDisplayName = JurDat.;
				INFOPLIST_KEY_LSApplicationCategoryType = "public.app-category.news";
				INFOPLIST_KEY_UIApplicationSceneManifest_Generation = YES;
				INFOPLIST_KEY_UIApplicationSupportsIndirectInputEvents = YES;
				INFOPLIST_KEY_UILaunchScreen_Generation = YES;
				INFOPLIST_KEY_UILaunchStoryboardName = "Launch Screen.storyboard";
				INFOPLIST_KEY_UISupportedInterfaceOrientations_iPad = "UIInterfaceOrientationPortrait UIInterfaceOrientationPortraitUpsideDown UIInterfaceOrientationLandscapeLeft UIInterfaceOrientationLandscapeRight";
				INFOPLIST_KEY_UISupportedInterfaceOrientations_iPhone = "UIInterfaceOrientationPortrait UIInterfaceOrientationLandscapeLeft UIInterfaceOrientationLandscapeRight";
				LD_RUNPATH_SEARCH_PATHS = (
					"$(inherited)",
					"@executable_path/Frameworks",
				);
				MARKETING_VERSION = 1.0;
				PRODUCT_BUNDLE_IDENTIFIER = com.wangupullwitt.JurDat;
				PRODUCT_NAME = "$(TARGET_NAME)";
				SWIFT_EMIT_LOC_STRINGS = YES;
				SWIFT_VERSION = 5.0;
				TARGETED_DEVICE_FAMILY = "1,2";
			};
			name = Debug;
		};
		72D8B2F72AF2ADB00030770A /* Release */ = {
			isa = XCBuildConfiguration;
			buildSettings = {
				ASSETCATALOG_COMPILER_APPICON_NAME = AppIcon;
				ASSETCATALOG_COMPILER_GLOBAL_ACCENT_COLOR_NAME = AccentColor;
				CODE_SIGN_STYLE = Automatic;
				CURRENT_PROJECT_VERSION = 1;
				DEVELOPMENT_ASSET_PATHS = "\"JurDat/Preview Content\"";
				DEVELOPMENT_TEAM = DCLZM878SK;
				ENABLE_PREVIEWS = YES;
				GENERATE_INFOPLIST_FILE = YES;
				INFOPLIST_FILE = JurDat/Info.plist;
				INFOPLIST_KEY_CFBundleDisplayName = JurDat.;
				INFOPLIST_KEY_LSApplicationCategoryType = "public.app-category.news";
				INFOPLIST_KEY_UIApplicationSceneManifest_Generation = YES;
				INFOPLIST_KEY_UIApplicationSupportsIndirectInputEvents = YES;
				INFOPLIST_KEY_UILaunchScreen_Generation = YES;
				INFOPLIST_KEY_UILaunchStoryboardName = "Launch Screen.storyboard";
				INFOPLIST_KEY_UISupportedInterfaceOrientations_iPad = "UIInterfaceOrientationPortrait UIInterfaceOrientationPortraitUpsideDown UIInterfaceOrientationLandscapeLeft UIInterfaceOrientationLandscapeRight";
				INFOPLIST_KEY_UISupportedInterfaceOrientations_iPhone = "UIInterfaceOrientationPortrait UIInterfaceOrientationLandscapeLeft UIInterfaceOrientationLandscapeRight";
				LD_RUNPATH_SEARCH_PATHS = (
					"$(inherited)",
					"@executable_path/Frameworks",
				);
				MARKETING_VERSION = 1.0;
				PRODUCT_BUNDLE_IDENTIFIER = com.wangupullwitt.JurDat;
				PRODUCT_NAME = "$(TARGET_NAME)";
				SWIFT_EMIT_LOC_STRINGS = YES;
				SWIFT_VERSION = 5.0;
				TARGETED_DEVICE_FAMILY = "1,2";
			};
			name = Release;
		};
/* End XCBuildConfiguration section */

/* Begin XCConfigurationList section */
		72D8B2E22AF2ADAD0030770A /* Build configuration list for PBXProject "JurDat" */ = {
			isa = XCConfigurationList;
			buildConfigurations = (
				72D8B2F32AF2ADB00030770A /* Debug */,
				72D8B2F42AF2ADB00030770A /* Release */,
			);
			defaultConfigurationIsVisible = 0;
			defaultConfigurationName = Release;
		};
		72D8B2F52AF2ADB00030770A /* Build configuration list for PBXNativeTarget "JurDat" */ = {
			isa = XCConfigurationList;
			buildConfigurations = (
				72D8B2F62AF2ADB00030770A /* Debug */,
				72D8B2F72AF2ADB00030770A /* Release */,
			);
			defaultConfigurationIsVisible = 0;
			defaultConfigurationName = Release;
		};
/* End XCConfigurationList section */

/* Begin XCRemoteSwiftPackageReference section */
		7258AA782AFF8095005A86DD /* XCRemoteSwiftPackageReference "firebase-ios-sdk" */ = {
			isa = XCRemoteSwiftPackageReference;
			repositoryURL = "https://github.com/firebase/firebase-ios-sdk";
			requirement = {
				kind = upToNextMajorVersion;
				minimumVersion = 10.17.0;
			};
		};
		7258AAB32B001CD3005A86DD /* XCRemoteSwiftPackageReference "GoogleSignIn-iOS" */ = {
			isa = XCRemoteSwiftPackageReference;
			repositoryURL = "https://github.com/google/GoogleSignIn-iOS.git";
			requirement = {
				kind = upToNextMajorVersion;
				minimumVersion = 7.0.0;
			};
		};
/* End XCRemoteSwiftPackageReference section */

/* Begin XCSwiftPackageProductDependency section */
		7258AA792AFF8095005A86DD /* FirebaseAnalytics */ = {
			isa = XCSwiftPackageProductDependency;
			package = 7258AA782AFF8095005A86DD /* XCRemoteSwiftPackageReference "firebase-ios-sdk" */;
			productName = FirebaseAnalytics;
		};
		7258AA7B2AFF8095005A86DD /* FirebaseAnalyticsOnDeviceConversion */ = {
			isa = XCSwiftPackageProductDependency;
			package = 7258AA782AFF8095005A86DD /* XCRemoteSwiftPackageReference "firebase-ios-sdk" */;
			productName = FirebaseAnalyticsOnDeviceConversion;
		};
		7258AA7D2AFF8095005A86DD /* FirebaseAnalyticsSwift */ = {
			isa = XCSwiftPackageProductDependency;
			package = 7258AA782AFF8095005A86DD /* XCRemoteSwiftPackageReference "firebase-ios-sdk" */;
			productName = FirebaseAnalyticsSwift;
		};
		7258AA7F2AFF8095005A86DD /* FirebaseAnalyticsWithoutAdIdSupport */ = {
			isa = XCSwiftPackageProductDependency;
			package = 7258AA782AFF8095005A86DD /* XCRemoteSwiftPackageReference "firebase-ios-sdk" */;
			productName = FirebaseAnalyticsWithoutAdIdSupport;
		};
		7258AA812AFF8095005A86DD /* FirebaseAppCheck */ = {
			isa = XCSwiftPackageProductDependency;
			package = 7258AA782AFF8095005A86DD /* XCRemoteSwiftPackageReference "firebase-ios-sdk" */;
			productName = FirebaseAppCheck;
		};
		7258AA832AFF8095005A86DD /* FirebaseAppDistribution-Beta */ = {
			isa = XCSwiftPackageProductDependency;
			package = 7258AA782AFF8095005A86DD /* XCRemoteSwiftPackageReference "firebase-ios-sdk" */;
			productName = "FirebaseAppDistribution-Beta";
		};
		7258AA852AFF8095005A86DD /* FirebaseAuth */ = {
			isa = XCSwiftPackageProductDependency;
			package = 7258AA782AFF8095005A86DD /* XCRemoteSwiftPackageReference "firebase-ios-sdk" */;
			productName = FirebaseAuth;
		};
		7258AA872AFF8095005A86DD /* FirebaseAuthCombine-Community */ = {
			isa = XCSwiftPackageProductDependency;
			package = 7258AA782AFF8095005A86DD /* XCRemoteSwiftPackageReference "firebase-ios-sdk" */;
			productName = "FirebaseAuthCombine-Community";
		};
		7258AA892AFF8095005A86DD /* FirebaseCrashlytics */ = {
			isa = XCSwiftPackageProductDependency;
			package = 7258AA782AFF8095005A86DD /* XCRemoteSwiftPackageReference "firebase-ios-sdk" */;
			productName = FirebaseCrashlytics;
		};
		7258AA8B2AFF8095005A86DD /* FirebaseDatabase */ = {
			isa = XCSwiftPackageProductDependency;
			package = 7258AA782AFF8095005A86DD /* XCRemoteSwiftPackageReference "firebase-ios-sdk" */;
			productName = FirebaseDatabase;
		};
		7258AA8D2AFF8095005A86DD /* FirebaseDatabaseSwift */ = {
			isa = XCSwiftPackageProductDependency;
			package = 7258AA782AFF8095005A86DD /* XCRemoteSwiftPackageReference "firebase-ios-sdk" */;
			productName = FirebaseDatabaseSwift;
		};
		7258AA8F2AFF8095005A86DD /* FirebaseDynamicLinks */ = {
			isa = XCSwiftPackageProductDependency;
			package = 7258AA782AFF8095005A86DD /* XCRemoteSwiftPackageReference "firebase-ios-sdk" */;
			productName = FirebaseDynamicLinks;
		};
		7258AA912AFF8095005A86DD /* FirebaseFirestore */ = {
			isa = XCSwiftPackageProductDependency;
			package = 7258AA782AFF8095005A86DD /* XCRemoteSwiftPackageReference "firebase-ios-sdk" */;
			productName = FirebaseFirestore;
		};
		7258AA932AFF8095005A86DD /* FirebaseFirestoreCombine-Community */ = {
			isa = XCSwiftPackageProductDependency;
			package = 7258AA782AFF8095005A86DD /* XCRemoteSwiftPackageReference "firebase-ios-sdk" */;
			productName = "FirebaseFirestoreCombine-Community";
		};
		7258AA952AFF8095005A86DD /* FirebaseFirestoreSwift */ = {
			isa = XCSwiftPackageProductDependency;
			package = 7258AA782AFF8095005A86DD /* XCRemoteSwiftPackageReference "firebase-ios-sdk" */;
			productName = FirebaseFirestoreSwift;
		};
		7258AA972AFF8095005A86DD /* FirebaseFunctions */ = {
			isa = XCSwiftPackageProductDependency;
			package = 7258AA782AFF8095005A86DD /* XCRemoteSwiftPackageReference "firebase-ios-sdk" */;
			productName = FirebaseFunctions;
		};
		7258AA992AFF8095005A86DD /* FirebaseFunctionsCombine-Community */ = {
			isa = XCSwiftPackageProductDependency;
			package = 7258AA782AFF8095005A86DD /* XCRemoteSwiftPackageReference "firebase-ios-sdk" */;
			productName = "FirebaseFunctionsCombine-Community";
		};
		7258AA9B2AFF8095005A86DD /* FirebaseInAppMessaging-Beta */ = {
			isa = XCSwiftPackageProductDependency;
			package = 7258AA782AFF8095005A86DD /* XCRemoteSwiftPackageReference "firebase-ios-sdk" */;
			productName = "FirebaseInAppMessaging-Beta";
		};
		7258AA9D2AFF8095005A86DD /* FirebaseInAppMessagingSwift-Beta */ = {
			isa = XCSwiftPackageProductDependency;
			package = 7258AA782AFF8095005A86DD /* XCRemoteSwiftPackageReference "firebase-ios-sdk" */;
			productName = "FirebaseInAppMessagingSwift-Beta";
		};
		7258AA9F2AFF8095005A86DD /* FirebaseInstallations */ = {
			isa = XCSwiftPackageProductDependency;
			package = 7258AA782AFF8095005A86DD /* XCRemoteSwiftPackageReference "firebase-ios-sdk" */;
			productName = FirebaseInstallations;
		};
		7258AAA12AFF8095005A86DD /* FirebaseMLModelDownloader */ = {
			isa = XCSwiftPackageProductDependency;
			package = 7258AA782AFF8095005A86DD /* XCRemoteSwiftPackageReference "firebase-ios-sdk" */;
			productName = FirebaseMLModelDownloader;
		};
		7258AAA32AFF8095005A86DD /* FirebaseMessaging */ = {
			isa = XCSwiftPackageProductDependency;
			package = 7258AA782AFF8095005A86DD /* XCRemoteSwiftPackageReference "firebase-ios-sdk" */;
			productName = FirebaseMessaging;
		};
		7258AAA52AFF8095005A86DD /* FirebasePerformance */ = {
			isa = XCSwiftPackageProductDependency;
			package = 7258AA782AFF8095005A86DD /* XCRemoteSwiftPackageReference "firebase-ios-sdk" */;
			productName = FirebasePerformance;
		};
		7258AAA72AFF8095005A86DD /* FirebaseRemoteConfig */ = {
			isa = XCSwiftPackageProductDependency;
			package = 7258AA782AFF8095005A86DD /* XCRemoteSwiftPackageReference "firebase-ios-sdk" */;
			productName = FirebaseRemoteConfig;
		};
		7258AAA92AFF8095005A86DD /* FirebaseRemoteConfigSwift */ = {
			isa = XCSwiftPackageProductDependency;
			package = 7258AA782AFF8095005A86DD /* XCRemoteSwiftPackageReference "firebase-ios-sdk" */;
			productName = FirebaseRemoteConfigSwift;
		};
		7258AAAB2AFF8095005A86DD /* FirebaseStorage */ = {
			isa = XCSwiftPackageProductDependency;
			package = 7258AA782AFF8095005A86DD /* XCRemoteSwiftPackageReference "firebase-ios-sdk" */;
			productName = FirebaseStorage;
		};
		7258AAAD2AFF8096005A86DD /* FirebaseStorageCombine-Community */ = {
			isa = XCSwiftPackageProductDependency;
			package = 7258AA782AFF8095005A86DD /* XCRemoteSwiftPackageReference "firebase-ios-sdk" */;
			productName = "FirebaseStorageCombine-Community";
		};
		7258AAB42B001CD3005A86DD /* GoogleSignIn */ = {
			isa = XCSwiftPackageProductDependency;
			package = 7258AAB32B001CD3005A86DD /* XCRemoteSwiftPackageReference "GoogleSignIn-iOS" */;
			productName = GoogleSignIn;
		};
		7258AAB62B001CD3005A86DD /* GoogleSignInSwift */ = {
			isa = XCSwiftPackageProductDependency;
			package = 7258AAB32B001CD3005A86DD /* XCRemoteSwiftPackageReference "GoogleSignIn-iOS" */;
			productName = GoogleSignInSwift;
		};
/* End XCSwiftPackageProductDependency section */
	};
	rootObject = 72D8B2DF2AF2ADAD0030770A /* Project object */;
}
